
Microsoft Visual Studio Solution File, Format Version 12.00
# Visual Studio Version 17
VisualStudioVersion = 17.5.33516.290
MinimumVisualStudioVersion = 10.0.40219.1
Project("{9A19103F-16F7-4668-BE54-9A1E7A4F7556}") = "Proyecto2Laboratorio.Api", "Proyecto2Laboratorio.Api\Proyecto2Laboratorio.Api.csproj", "{BD97D848-39F4-4AC2-A47F-6B5E5B6120B9}"
EndProject
Project("{9A19103F-16F7-4668-BE54-9A1E7A4F7556}") = "Proyecto2Laboratorio.BLL", "Proyecto2Laboratorio.BLL\Proyecto2Laboratorio.BLL.csproj", "{F4EECECF-75A3-4B39-B067-C5882CCBCE5B}"
EndProject
Project("{9A19103F-16F7-4668-BE54-9A1E7A4F7556}") = "Proyecto2Laboratorio.DAL", "Proyecto2Laboratorio.DAL\Proyecto2Laboratorio.DAL.csproj", "{F2040A41-931B-4210-8245-A2E7C340BAA7}"
EndProject
Project("{9A19103F-16F7-4668-BE54-9A1E7A4F7556}") = "Proyecto2Laboratorio.Entities", "Proyecto2Laboratorio.Entities\Proyecto2Laboratorio.Entities.csproj", "{44CA94C0-03A4-417D-B8C8-065E2C00BC39}"
EndProject
Project("{9A19103F-16F7-4668-BE54-9A1E7A4F7556}") = "DTOs", "DTOs\DTOs.csproj", "{3368CD3D-4390-4F3B-85F0-62E21BED99F7}"
EndProject
Project("{9A19103F-16F7-4668-BE54-9A1E7A4F7556}") = "SharedLibrary", "SharedLibrary\SharedLibrary.csproj", "{9A21E3FE-CB51-443A-8F61-39943D9A1AA1}"
EndProject
Global
	GlobalSection(SolutionConfigurationPlatforms) = preSolution
		Debug|Any CPU = Debug|Any CPU
		Release|Any CPU = Release|Any CPU
	EndGlobalSection
	GlobalSection(ProjectConfigurationPlatforms) = postSolution
		{BD97D848-39F4-4AC2-A47F-6B5E5B6120B9}.Debug|Any CPU.ActiveCfg = Debug|Any CPU
		{BD97D848-39F4-4AC2-A47F-6B5E5B6120B9}.Debug|Any CPU.Build.0 = Debug|Any CPU
		{BD97D848-39F4-4AC2-A47F-6B5E5B6120B9}.Release|Any CPU.ActiveCfg = Release|Any CPU
		{BD97D848-39F4-4AC2-A47F-6B5E5B6120B9}.Release|Any CPU.Build.0 = Release|Any CPU
		{F4EECECF-75A3-4B39-B067-C5882CCBCE5B}.Debug|Any CPU.ActiveCfg = Debug|Any CPU
		{F4EECECF-75A3-4B39-B067-C5882CCBCE5B}.Debug|Any CPU.Build.0 = Debug|Any CPU
		{F4EECECF-75A3-4B39-B067-C5882CCBCE5B}.Release|Any CPU.ActiveCfg = Release|Any CPU
		{F4EECECF-75A3-4B39-B067-C5882CCBCE5B}.Release|Any CPU.Build.0 = Release|Any CPU
		{F2040A41-931B-4210-8245-A2E7C340BAA7}.Debug|Any CPU.ActiveCfg = Debug|Any CPU
		{F2040A41-931B-4210-8245-A2E7C340BAA7}.Debug|Any CPU.Build.0 = Debug|Any CPU
		{F2040A41-931B-4210-8245-A2E7C340BAA7}.Release|Any CPU.ActiveCfg = Release|Any CPU
		{F2040A41-931B-4210-8245-A2E7C340BAA7}.Release|Any CPU.Build.0 = Release|Any CPU
		{44CA94C0-03A4-417D-B8C8-065E2C00BC39}.Debug|Any CPU.ActiveCfg = Debug|Any CPU
		{44CA94C0-03A4-417D-B8C8-065E2C00BC39}.Debug|Any CPU.Build.0 = Debug|Any CPU
		{44CA94C0-03A4-417D-B8C8-065E2C00BC39}.Release|Any CPU.ActiveCfg = Release|Any CPU
		{44CA94C0-03A4-417D-B8C8-065E2C00BC39}.Release|Any CPU.Build.0 = Release|Any CPU
		{3368CD3D-4390-4F3B-85F0-62E21BED99F7}.Debug|Any CPU.ActiveCfg = Debug|Any CPU
		{3368CD3D-4390-4F3B-85F0-62E21BED99F7}.Debug|Any CPU.Build.0 = Debug|Any CPU
		{3368CD3D-4390-4F3B-85F0-62E21BED99F7}.Release|Any CPU.ActiveCfg = Release|Any CPU
		{3368CD3D-4390-4F3B-85F0-62E21BED99F7}.Release|Any CPU.Build.0 = Release|Any CPU
		{9A21E3FE-CB51-443A-8F61-39943D9A1AA1}.Debug|Any CPU.ActiveCfg = Debug|Any CPU
		{9A21E3FE-CB51-443A-8F61-39943D9A1AA1}.Debug|Any CPU.Build.0 = Debug|Any CPU
		{9A21E3FE-CB51-443A-8F61-39943D9A1AA1}.Release|Any CPU.ActiveCfg = Release|Any CPU
		{9A21E3FE-CB51-443A-8F61-39943D9A1AA1}.Release|Any CPU.Build.0 = Release|Any CPU
	EndGlobalSection
	GlobalSection(SolutionProperties) = preSolution
		HideSolutionNode = FALSE
	EndGlobalSection
	GlobalSection(ExtensibilityGlobals) = postSolution
		SolutionGuid = {1834E3CC-1B1D-4A7D-87FE-CDBF755C62C3}
	EndGlobalSection
EndGlobal
